{
  "name": "danmaku-engine",
  "version": "0.1.0",
  "lockfileVersion": 3,
  "requires": true,
  "packages": {
    "": {
      "name": "danmaku-engine",
      "version": "0.1.0",
      "dependencies": {
        "pixi.js": "^8.2.1"
      },
      "devDependencies": {
        "@types/node": "^20.11.25",
        "ts-node": "^10.9.2",
        "typescript": "^5.3.3",
        "vite": "^7.1.11"
      }
    },
    "node_modules/@cspotcode/source-map-support": {
      "version": "0.8.1",
      "resolved": "https://registry.npmjs.org/@cspotcode/source-map-support/-/source-map-support-0.8.1.tgz",
      "integrity": "sha512-IchNf6dN4tHoMFIn/7OE8LWZ19Y6q/67Bmf6vnGREv8RSbBVb9LPJxEcnwrcwX6ixSvaiGoomAUvu4YSxXrVgw==",
      "dev": true,
      "license": "MIT",
      "dependencies": {
        "@jridgewell/trace-mapping": "0.3.9"
      },
      "engines": {
        "node": ">=12"
      }
    },
    "node_modules/@esbuild/aix-ppc64": {
      "version": "0.25.11",
      "resolved": "https://registry.npmjs.org/@esbuild/aix-ppc64/-/aix-ppc64-0.25.11.tgz",
      "integrity": "sha512-Xt1dOL13m8u0WE8iplx9Ibbm+hFAO0GsU2P34UNoDGvZYkY8ifSiy6Zuc1lYxfG7svWE2fzqCUmFp5HCn51gJg==",
      "cpu": [
        "ppc64"
      ],
      "dev": true,
      "license": "MIT",
      "optional": true,
      "os": [
        "aix"
      ],
      "engines": {
        "node": ">=18"
      }
    },
    "node_modules/@esbuild/android-arm": {
      "version": "0.25.11",
      "resolved": "https://registry.npmjs.org/@esbuild/android-arm/-/android-arm-0.25.11.tgz",
      "integrity": "sha512-uoa7dU+Dt3HYsethkJ1k6Z9YdcHjTrSb5NUy66ZfZaSV8hEYGD5ZHbEMXnqLFlbBflLsl89Zke7CAdDJ4JI+Gg==",
      "cpu": [
        "arm"
      ],
      "dev": true,
      "license": "MIT",
      "optional": true,
      "os": [
        "android"
      ],
      "engines": {
        "node": ">=18"
      }
    },
    "node_modules/@esbuild/android-arm64": {
      "version": "0.25.11",
      "resolved": "https://registry.npmjs.org/@esbuild/android-arm64/-/android-arm64-0.25.11.tgz",
      "integrity": "sha512-9slpyFBc4FPPz48+f6jyiXOx/Y4v34TUeDDXJpZqAWQn/08lKGeD8aDp9TMn9jDz2CiEuHwfhRmGBvpnd/PWIQ==",
      "cpu": [
        "arm64"
      ],
      "dev": true,
      "license": "MIT",
      "optional": true,
      "os": [
        "android"
      ],
      "engines": {
        "node": ">=18"
      }
    },
    "node_modules/@esbuild/android-x64": {
      "version": "0.25.11",
      "resolved": "https://registry.npmjs.org/@esbuild/android-x64/-/android-x64-0.25.11.tgz",
      "integrity": "sha512-Sgiab4xBjPU1QoPEIqS3Xx+R2lezu0LKIEcYe6pftr56PqPygbB7+szVnzoShbx64MUupqoE0KyRlN7gezbl8g==",
      "cpu": [
        "x64"
      ],
      "dev": true,
      "license": "MIT",
      "optional": true,
      "os": [
        "android"
      ],
      "engines": {
        "node": ">=18"
      }
    },
    "node_modules/@esbuild/darwin-arm64": {
      "version": "0.25.11",
      "resolved": "https://registry.npmjs.org/@esbuild/darwin-arm64/-/darwin-arm64-0.25.11.tgz",
      "integrity": "sha512-VekY0PBCukppoQrycFxUqkCojnTQhdec0vevUL/EDOCnXd9LKWqD/bHwMPzigIJXPhC59Vd1WFIL57SKs2mg4w==",
      "cpu": [
        "arm64"
      ],
      "dev": true,
      "license": "MIT",
      "optional": true,
      "os": [
        "darwin"
      ],
      "engines": {
        "node": ">=18"
      }
    },
    "node_modules/@esbuild/darwin-x64": {
      "version": "0.25.11",
      "resolved": "https://registry.npmjs.org/@esbuild/darwin-x64/-/darwin-x64-0.25.11.tgz",
      "integrity": "sha512-+hfp3yfBalNEpTGp9loYgbknjR695HkqtY3d3/JjSRUyPg/xd6q+mQqIb5qdywnDxRZykIHs3axEqU6l1+oWEQ==",
      "cpu": [
        "x64"
      ],
      "dev": true,
      "license": "MIT",
      "optional": true,
      "os": [
        "darwin"
      ],
      "engines": {
        "node": ">=18"
      }
    },
    "node_modules/@esbuild/freebsd-arm64": {
      "version": "0.25.11",
      "resolved": "https://registry.npmjs.org/@esbuild/freebsd-arm64/-/freebsd-arm64-0.25.11.tgz",
      "integrity": "sha512-CmKjrnayyTJF2eVuO//uSjl/K3KsMIeYeyN7FyDBjsR3lnSJHaXlVoAK8DZa7lXWChbuOk7NjAc7ygAwrnPBhA==",
      "cpu": [
        "arm64"
      ],
      "dev": true,
      "license": "MIT",
      "optional": true,
      "os": [
        "freebsd"
      ],
      "engines": {
        "node": ">=18"
      }
    },
    "node_modules/@esbuild/freebsd-x64": {
      "version": "0.25.11",
      "resolved": "https://registry.npmjs.org/@esbuild/freebsd-x64/-/freebsd-x64-0.25.11.tgz",
      "integrity": "sha512-Dyq+5oscTJvMaYPvW3x3FLpi2+gSZTCE/1ffdwuM6G1ARang/mb3jvjxs0mw6n3Lsw84ocfo9CrNMqc5lTfGOw==",
      "cpu": [
        "x64"
      ],
      "dev": true,
      "license": "MIT",
      "optional": true,
      "os": [
        "freebsd"
      ],
      "engines": {
        "node": ">=18"
      }
    },
    "node_modules/@esbuild/linux-arm": {
      "version": "0.25.11",
      "resolved": "https://registry.npmjs.org/@esbuild/linux-arm/-/linux-arm-0.25.11.tgz",
      "integrity": "sha512-TBMv6B4kCfrGJ8cUPo7vd6NECZH/8hPpBHHlYI3qzoYFvWu2AdTvZNuU/7hsbKWqu/COU7NIK12dHAAqBLLXgw==",
      "cpu": [
        "arm"
      ],
      "dev": true,
      "license": "MIT",
      "optional": true,
      "os": [
        "linux"
      ],
      "engines": {
        "node": ">=18"
      }
    },
    "node_modules/@esbuild/linux-arm64": {
      "version": "0.25.11",
      "resolved": "https://registry.npmjs.org/@esbuild/linux-arm64/-/linux-arm64-0.25.11.tgz",
      "integrity": "sha512-Qr8AzcplUhGvdyUF08A1kHU3Vr2O88xxP0Tm8GcdVOUm25XYcMPp2YqSVHbLuXzYQMf9Bh/iKx7YPqECs6ffLA==",
      "cpu": [
        "arm64"
      ],
      "dev": true,
      "license": "MIT",
      "optional": true,
      "os": [
        "linux"
      ],
      "engines": {
        "node": ">=18"
      }
    },
    "node_modules/@esbuild/linux-ia32": {
      "version": "0.25.11",
      "resolved": "https://registry.npmjs.org/@esbuild/linux-ia32/-/linux-ia32-0.25.11.tgz",
      "integrity": "sha512-TmnJg8BMGPehs5JKrCLqyWTVAvielc615jbkOirATQvWWB1NMXY77oLMzsUjRLa0+ngecEmDGqt5jiDC6bfvOw==",
      "cpu": [
        "ia32"
      ],
      "dev": true,
      "license": "MIT",
      "optional": true,
      "os": [
        "linux"
      ],
      "engines": {
        "node": ">=18"
      }
    },
    "node_modules/@esbuild/linux-loong64": {
      "version": "0.25.11",
      "resolved": "https://registry.npmjs.org/@esbuild/linux-loong64/-/linux-loong64-0.25.11.tgz",
      "integrity": "sha512-DIGXL2+gvDaXlaq8xruNXUJdT5tF+SBbJQKbWy/0J7OhU8gOHOzKmGIlfTTl6nHaCOoipxQbuJi7O++ldrxgMw==",
      "cpu": [
        "loong64"
      ],
      "dev": true,
      "license": "MIT",
      "optional": true,
      "os": [
        "linux"
      ],
      "engines": {
        "node": ">=18"
      }
    },
    "node_modules/@esbuild/linux-mips64el": {
      "version": "0.25.11",
      "resolved": "https://registry.npmjs.org/@esbuild/linux-mips64el/-/linux-mips64el-0.25.11.tgz",
      "integrity": "sha512-Osx1nALUJu4pU43o9OyjSCXokFkFbyzjXb6VhGIJZQ5JZi8ylCQ9/LFagolPsHtgw6himDSyb5ETSfmp4rpiKQ==",
      "cpu": [
        "mips64el"
      ],
      "dev": true,
      "license": "MIT",
      "optional": true,
      "os": [
        "linux"
      ],
      "engines": {
        "node": ">=18"
      }
    },
    "node_modules/@esbuild/linux-ppc64": {
      "version": "0.25.11",
      "resolved": "https://registry.npmjs.org/@esbuild/linux-ppc64/-/linux-ppc64-0.25.11.tgz",
      "integrity": "sha512-nbLFgsQQEsBa8XSgSTSlrnBSrpoWh7ioFDUmwo158gIm5NNP+17IYmNWzaIzWmgCxq56vfr34xGkOcZ7jX6CPw==",
      "cpu": [
        "ppc64"
      ],
      "dev": true,
      "license": "MIT",
      "optional": true,
      "os": [
        "linux"
      ],
      "engines": {
        "node": ">=18"
      }
    },
    "node_modules/@esbuild/linux-riscv64": {
      "version": "0.25.11",
      "resolved": "https://registry.npmjs.org/@esbuild/linux-riscv64/-/linux-riscv64-0.25.11.tgz",
      "integrity": "sha512-HfyAmqZi9uBAbgKYP1yGuI7tSREXwIb438q0nqvlpxAOs3XnZ8RsisRfmVsgV486NdjD7Mw2UrFSw51lzUk1ww==",
      "cpu": [
        "riscv64"
      ],
      "dev": true,
      "license": "MIT",
      "optional": true,
      "os": [
        "linux"
      ],
      "engines": {
        "node": ">=18"
      }
    },
    "node_modules/@esbuild/linux-s390x": {
      "version": "0.25.11",
      "resolved": "https://registry.npmjs.org/@esbuild/linux-s390x/-/linux-s390x-0.25.11.tgz",
      "integrity": "sha512-HjLqVgSSYnVXRisyfmzsH6mXqyvj0SA7pG5g+9W7ESgwA70AXYNpfKBqh1KbTxmQVaYxpzA/SvlB9oclGPbApw==",
      "cpu": [
        "s390x"
      ],
      "dev": true,
      "license": "MIT",
      "optional": true,
      "os": [
        "linux"
      ],
      "engines": {
        "node": ">=18"
      }
    },
    "node_modules/@esbuild/linux-x64": {
      "version": "0.25.11",
      "resolved": "https://registry.npmjs.org/@esbuild/linux-x64/-/linux-x64-0.25.11.tgz",
      "integrity": "sha512-HSFAT4+WYjIhrHxKBwGmOOSpphjYkcswF449j6EjsjbinTZbp8PJtjsVK1XFJStdzXdy/jaddAep2FGY+wyFAQ==",
      "cpu": [
        "x64"
      ],
      "dev": true,
      "license": "MIT",
      "optional": true,
      "os": [
        "linux"
      ],
      "engines": {
        "node": ">=18"
      }
    },
    "node_modules/@esbuild/netbsd-arm64": {
      "version": "0.25.11",
      "resolved": "https://registry.npmjs.org/@esbuild/netbsd-arm64/-/netbsd-arm64-0.25.11.tgz",
      "integrity": "sha512-hr9Oxj1Fa4r04dNpWr3P8QKVVsjQhqrMSUzZzf+LZcYjZNqhA3IAfPQdEh1FLVUJSiu6sgAwp3OmwBfbFgG2Xg==",
      "cpu": [
        "arm64"
      ],
      "dev": true,
      "license": "MIT",
      "optional": true,
      "os": [
        "netbsd"
      ],
      "engines": {
        "node": ">=18"
      }
    },
    "node_modules/@esbuild/netbsd-x64": {
      "version": "0.25.11",
      "resolved": "https://registry.npmjs.org/@esbuild/netbsd-x64/-/netbsd-x64-0.25.11.tgz",
      "integrity": "sha512-u7tKA+qbzBydyj0vgpu+5h5AeudxOAGncb8N6C9Kh1N4n7wU1Xw1JDApsRjpShRpXRQlJLb9wY28ELpwdPcZ7A==",
      "cpu": [
        "x64"
      ],
      "dev": true,
      "license": "MIT",
      "optional": true,
      "os": [
        "netbsd"
      ],
      "engines": {
        "node": ">=18"
      }
    },
    "node_modules/@esbuild/openbsd-arm64": {
      "version": "0.25.11",
      "resolved": "https://registry.npmjs.org/@esbuild/openbsd-arm64/-/openbsd-arm64-0.25.11.tgz",
      "integrity": "sha512-Qq6YHhayieor3DxFOoYM1q0q1uMFYb7cSpLD2qzDSvK1NAvqFi8Xgivv0cFC6J+hWVw2teCYltyy9/m/14ryHg==",
      "cpu": [
        "arm64"
      ],
      "dev": true,
      "license": "MIT",
      "optional": true,
      "os": [
        "openbsd"
      ],
      "engines": {
        "node": ">=18"
      }
    },
    "node_modules/@esbuild/openbsd-x64": {
      "version": "0.25.11",
      "resolved": "https://registry.npmjs.org/@esbuild/openbsd-x64/-/openbsd-x64-0.25.11.tgz",
      "integrity": "sha512-CN+7c++kkbrckTOz5hrehxWN7uIhFFlmS/hqziSFVWpAzpWrQoAG4chH+nN3Be+Kzv/uuo7zhX716x3Sn2Jduw==",
      "cpu": [
        "x64"
      ],
      "dev": true,
      "license": "MIT",
      "optional": true,
      "os": [
        "openbsd"
      ],
      "engines": {
        "node": ">=18"
      }
    },
    "node_modules/@esbuild/openharmony-arm64": {
      "version": "0.25.11",
      "resolved": "https://registry.npmjs.org/@esbuild/openharmony-arm64/-/openharmony-arm64-0.25.11.tgz",
      "integrity": "sha512-rOREuNIQgaiR+9QuNkbkxubbp8MSO9rONmwP5nKncnWJ9v5jQ4JxFnLu4zDSRPf3x4u+2VN4pM4RdyIzDty/wQ==",
      "cpu": [
        "arm64"
      ],
      "dev": true,
      "license": "MIT",
      "optional": true,
      "os": [
        "openharmony"
      ],
      "engines": {
        "node": ">=18"
      }
    },
    "node_modules/@esbuild/sunos-x64": {
      "version": "0.25.11",
      "resolved": "https://registry.npmjs.org/@esbuild/sunos-x64/-/sunos-x64-0.25.11.tgz",
      "integrity": "sha512-nq2xdYaWxyg9DcIyXkZhcYulC6pQ2FuCgem3LI92IwMgIZ69KHeY8T4Y88pcwoLIjbed8n36CyKoYRDygNSGhA==",
      "cpu": [
        "x64"
      ],
      "dev": true,
      "license": "MIT",
      "optional": true,
      "os": [
        "sunos"
      ],
      "engines": {
        "node": ">=18"
      }
    },
    "node_modules/@esbuild/win32-arm64": {
      "version": "0.25.11",
      "resolved": "https://registry.npmjs.org/@esbuild/win32-arm64/-/win32-arm64-0.25.11.tgz",
      "integrity": "sha512-3XxECOWJq1qMZ3MN8srCJ/QfoLpL+VaxD/WfNRm1O3B4+AZ/BnLVgFbUV3eiRYDMXetciH16dwPbbHqwe1uU0Q==",
      "cpu": [
        "arm64"
      ],
      "dev": true,
      "license": "MIT",
      "optional": true,
      "os": [
        "win32"
      ],
      "engines": {
        "node": ">=18"
      }
    },
    "node_modules/@esbuild/win32-ia32": {
      "version": "0.25.11",
      "resolved": "https://registry.npmjs.org/@esbuild/win32-ia32/-/win32-ia32-0.25.11.tgz",
      "integrity": "sha512-3ukss6gb9XZ8TlRyJlgLn17ecsK4NSQTmdIXRASVsiS2sQ6zPPZklNJT5GR5tE/MUarymmy8kCEf5xPCNCqVOA==",
      "cpu": [
        "ia32"
      ],
      "dev": true,
      "license": "MIT",
      "optional": true,
      "os": [
        "win32"
      ],
      "engines": {
        "node": ">=18"
      }
    },
    "node_modules/@esbuild/win32-x64": {
      "version": "0.25.11",
      "resolved": "https://registry.npmjs.org/@esbuild/win32-x64/-/win32-x64-0.25.11.tgz",
      "integrity": "sha512-D7Hpz6A2L4hzsRpPaCYkQnGOotdUpDzSGRIv9I+1ITdHROSFUWW95ZPZWQmGka1Fg7W3zFJowyn9WGwMJ0+KPA==",
      "cpu": [
        "x64"
      ],
      "dev": true,
      "license": "MIT",
      "optional": true,
      "os": [
        "win32"
      ],
      "engines": {
        "node": ">=18"
      }
    },
    "node_modules/@jridgewell/resolve-uri": {
      "version": "3.1.2",
      "resolved": "https://registry.npmjs.org/@jridgewell/resolve-uri/-/resolve-uri-3.1.2.tgz",
      "integrity": "sha512-bRISgCIjP20/tbWSPWMEi54QVPRZExkuD9lJL+UIxUKtwVJA8wW1Trb1jMs1RFXo1CBTNZ/5hpC9QvmKWdopKw==",
      "dev": true,
      "license": "MIT",
      "engines": {
        "node": ">=6.0.0"
      }
    },
    "node_modules/@jridgewell/sourcemap-codec": {
      "version": "1.5.5",
      "resolved": "https://registry.npmjs.org/@jridgewell/sourcemap-codec/-/sourcemap-codec-1.5.5.tgz",
      "integrity": "sha512-cYQ9310grqxueWbl+WuIUIaiUaDcj7WOq5fVhEljNVgRfOUhY9fy2zTvfoqWsnebh8Sl70VScFbICvJnLKB0Og==",
      "dev": true,
      "license": "MIT"
    },
    "node_modules/@jridgewell/trace-mapping": {
      "version": "0.3.9",
      "resolved": "https://registry.npmjs.org/@jridgewell/trace-mapping/-/trace-mapping-0.3.9.tgz",
      "integrity": "sha512-3Belt6tdc8bPgAtbcmdtNJlirVoTmEb5e2gC94PnkwEW9jI6CAHUeoG85tjWP5WquqfavoMtMwiG4P926ZKKuQ==",
      "dev": true,
      "license": "MIT",
      "dependencies": {
        "@jridgewell/resolve-uri": "^3.0.3",
        "@jridgewell/sourcemap-codec": "^1.4.10"
      }
    },
    "node_modules/@pixi/colord": {
      "version": "2.9.6",
      "resolved": "https://registry.npmjs.org/@pixi/colord/-/colord-2.9.6.tgz",
      "integrity": "sha512-nezytU2pw587fQstUu1AsJZDVEynjskwOL+kibwcdxsMBFqPsFFNA7xl0ii/gXuDi6M0xj3mfRJj8pBSc2jCfA==",
      "license": "MIT"
    },
    "node_modules/@rollup/rollup-android-arm-eabi": {
      "version": "4.52.2",
      "resolved": "https://registry.npmjs.org/@rollup/rollup-android-arm-eabi/-/rollup-android-arm-eabi-4.52.2.tgz",
      "integrity": "sha512-o3pcKzJgSGt4d74lSZ+OCnHwkKBeAbFDmbEm5gg70eA8VkyCuC/zV9TwBnmw6VjDlRdF4Pshfb+WE9E6XY1PoQ==",
      "cpu": [
        "arm"
      ],
      "dev": true,
      "license": "MIT",
      "optional": true,
      "os": [
        "android"
      ]
    },
    "node_modules/@rollup/rollup-android-arm64": {
      "version": "4.52.2",
      "resolved": "https://registry.npmjs.org/@rollup/rollup-android-arm64/-/rollup-android-arm64-4.52.2.tgz",
      "integrity": "sha512-cqFSWO5tX2vhC9hJTK8WAiPIm4Q8q/cU8j2HQA0L3E1uXvBYbOZMhE2oFL8n2pKB5sOCHY6bBuHaRwG7TkfJyw==",
      "cpu": [
        "arm64"
      ],
      "dev": true,
      "license": "MIT",
      "optional": true,
      "os": [
        "android"
      ]
    },
    "node_modules/@rollup/rollup-darwin-arm64": {
      "version": "4.52.2",
      "resolved": "https://registry.npmjs.org/@rollup/rollup-darwin-arm64/-/rollup-darwin-arm64-4.52.2.tgz",
      "integrity": "sha512-vngduywkkv8Fkh3wIZf5nFPXzWsNsVu1kvtLETWxTFf/5opZmflgVSeLgdHR56RQh71xhPhWoOkEBvbehwTlVA==",
      "cpu": [
        "arm64"
      ],
      "dev": true,
      "license": "MIT",
      "optional": true,
      "os": [
        "darwin"
      ]
    },
    "node_modules/@rollup/rollup-darwin-x64": {
      "version": "4.52.2",
      "resolved": "https://registry.npmjs.org/@rollup/rollup-darwin-x64/-/rollup-darwin-x64-4.52.2.tgz",
      "integrity": "sha512-h11KikYrUCYTrDj6h939hhMNlqU2fo/X4NB0OZcys3fya49o1hmFaczAiJWVAFgrM1NCP6RrO7lQKeVYSKBPSQ==",
      "cpu": [
        "x64"
      ],
      "dev": true,
      "license": "MIT",
      "optional": true,
      "os": [
        "darwin"
      ]
    },
    "node_modules/@rollup/rollup-freebsd-arm64": {
      "version": "4.52.2",
      "resolved": "https://registry.npmjs.org/@rollup/rollup-freebsd-arm64/-/rollup-freebsd-arm64-4.52.2.tgz",
      "integrity": "sha512-/eg4CI61ZUkLXxMHyVlmlGrSQZ34xqWlZNW43IAU4RmdzWEx0mQJ2mN/Cx4IHLVZFL6UBGAh+/GXhgvGb+nVxw==",
      "cpu": [
        "arm64"
      ],
      "dev": true,
      "license": "MIT",
      "optional": true,
      "os": [
        "freebsd"
      ]
    },
    "node_modules/@rollup/rollup-freebsd-x64": {
      "version": "4.52.2",
      "resolved": "https://registry.npmjs.org/@rollup/rollup-freebsd-x64/-/rollup-freebsd-x64-4.52.2.tgz",
      "integrity": "sha512-QOWgFH5X9+p+S1NAfOqc0z8qEpJIoUHf7OWjNUGOeW18Mx22lAUOiA9b6r2/vpzLdfxi/f+VWsYjUOMCcYh0Ng==",
      "cpu": [
        "x64"
      ],
      "dev": true,
      "license": "MIT",
      "optional": true,
      "os": [
        "freebsd"
      ]
    },
    "node_modules/@rollup/rollup-linux-arm-gnueabihf": {
      "version": "4.52.2",
      "resolved": "https://registry.npmjs.org/@rollup/rollup-linux-arm-gnueabihf/-/rollup-linux-arm-gnueabihf-4.52.2.tgz",
      "integrity": "sha512-kDWSPafToDd8LcBYd1t5jw7bD5Ojcu12S3uT372e5HKPzQt532vW+rGFFOaiR0opxePyUkHrwz8iWYEyH1IIQA==",
      "cpu": [
        "arm"
      ],
      "dev": true,
      "license": "MIT",
      "optional": true,
      "os": [
        "linux"
      ]
    },
    "node_modules/@rollup/rollup-linux-arm-musleabihf": {
      "version": "4.52.2",
      "resolved": "https://registry.npmjs.org/@rollup/rollup-linux-arm-musleabihf/-/rollup-linux-arm-musleabihf-4.52.2.tgz",
      "integrity": "sha512-gKm7Mk9wCv6/rkzwCiUC4KnevYhlf8ztBrDRT9g/u//1fZLapSRc+eDZj2Eu2wpJ+0RzUKgtNijnVIB4ZxyL+w==",
      "cpu": [
        "arm"
      ],
      "dev": true,
      "license": "MIT",
      "optional": true,
      "os": [
        "linux"
      ]
    },
    "node_modules/@rollup/rollup-linux-arm64-gnu": {
      "version": "4.52.2",
      "resolved": "https://registry.npmjs.org/@rollup/rollup-linux-arm64-gnu/-/rollup-linux-arm64-gnu-4.52.2.tgz",
      "integrity": "sha512-66lA8vnj5mB/rtDNwPgrrKUOtCLVQypkyDa2gMfOefXK6rcZAxKLO9Fy3GkW8VkPnENv9hBkNOFfGLf6rNKGUg==",
      "cpu": [
        "arm64"
      ],
      "dev": true,
      "license": "MIT",
      "optional": true,
      "os": [
        "linux"
      ]
    },
    "node_modules/@rollup/rollup-linux-arm64-musl": {
      "version": "4.52.2",
      "resolved": "https://registry.npmjs.org/@rollup/rollup-linux-arm64-musl/-/rollup-linux-arm64-musl-4.52.2.tgz",
      "integrity": "sha512-s+OPucLNdJHvuZHuIz2WwncJ+SfWHFEmlC5nKMUgAelUeBUnlB4wt7rXWiyG4Zn07uY2Dd+SGyVa9oyLkVGOjA==",
      "cpu": [
        "arm64"
      ],
      "dev": true,
      "license": "MIT",
      "optional": true,
      "os": [
        "linux"
      ]
    },
    "node_modules/@rollup/rollup-linux-loong64-gnu": {
      "version": "4.52.2",
      "resolved": "https://registry.npmjs.org/@rollup/rollup-linux-loong64-gnu/-/rollup-linux-loong64-gnu-4.52.2.tgz",
      "integrity": "sha512-8wTRM3+gVMDLLDdaT6tKmOE3lJyRy9NpJUS/ZRWmLCmOPIJhVyXwjBo+XbrrwtV33Em1/eCTd5TuGJm4+DmYjw==",
      "cpu": [
        "loong64"
      ],
      "dev": true,
      "license": "MIT",
      "optional": true,
      "os": [
        "linux"
      ]
    },
    "node_modules/@rollup/rollup-linux-ppc64-gnu": {
      "version": "4.52.2",
      "resolved": "https://registry.npmjs.org/@rollup/rollup-linux-ppc64-gnu/-/rollup-linux-ppc64-gnu-4.52.2.tgz",
      "integrity": "sha512-6yqEfgJ1anIeuP2P/zhtfBlDpXUb80t8DpbYwXQ3bQd95JMvUaqiX+fKqYqUwZXqdJDd8xdilNtsHM2N0cFm6A==",
      "cpu": [
        "ppc64"
      ],
      "dev": true,
      "license": "MIT",
      "optional": true,
      "os": [
        "linux"
      ]
    },
    "node_modules/@rollup/rollup-linux-riscv64-gnu": {
      "version": "4.52.2",
      "resolved": "https://registry.npmjs.org/@rollup/rollup-linux-riscv64-gnu/-/rollup-linux-riscv64-gnu-4.52.2.tgz",
      "integrity": "sha512-sshYUiYVSEI2B6dp4jMncwxbrUqRdNApF2c3bhtLAU0qA8Lrri0p0NauOsTWh3yCCCDyBOjESHMExonp7Nzc0w==",
      "cpu": [
        "riscv64"
      ],
      "dev": true,
      "license": "MIT",
      "optional": true,
      "os": [
        "linux"
      ]
    },
    "node_modules/@rollup/rollup-linux-riscv64-musl": {
      "version": "4.52.2",
      "resolved": "https://registry.npmjs.org/@rollup/rollup-linux-riscv64-musl/-/rollup-linux-riscv64-musl-4.52.2.tgz",
      "integrity": "sha512-duBLgd+3pqC4MMwBrKkFxaZerUxZcYApQVC5SdbF5/e/589GwVvlRUnyqMFbM8iUSb1BaoX/3fRL7hB9m2Pj8Q==",
      "cpu": [
        "riscv64"
      ],
      "dev": true,
      "license": "MIT",
      "optional": true,
      "os": [
        "linux"
      ]
    },
    "node_modules/@rollup/rollup-linux-s390x-gnu": {
      "version": "4.52.2",
      "resolved": "https://registry.npmjs.org/@rollup/rollup-linux-s390x-gnu/-/rollup-linux-s390x-gnu-4.52.2.tgz",
      "integrity": "sha512-tzhYJJidDUVGMgVyE+PmxENPHlvvqm1KILjjZhB8/xHYqAGeizh3GBGf9u6WdJpZrz1aCpIIHG0LgJgH9rVjHQ==",
      "cpu": [
        "s390x"
      ],
      "dev": true,
      "license": "MIT",
      "optional": true,
      "os": [
        "linux"
      ]
    },
    "node_modules/@rollup/rollup-linux-x64-gnu": {
      "version": "4.52.2",
      "resolved": "https://registry.npmjs.org/@rollup/rollup-linux-x64-gnu/-/rollup-linux-x64-gnu-4.52.2.tgz",
      "integrity": "sha512-opH8GSUuVcCSSyHHcl5hELrmnk4waZoVpgn/4FDao9iyE4WpQhyWJ5ryl5M3ocp4qkRuHfyXnGqg8M9oKCEKRA==",
      "cpu": [
        "x64"
      ],
      "dev": true,
      "license": "MIT",
      "optional": true,
      "os": [
        "linux"
      ]
    },
    "node_modules/@rollup/rollup-linux-x64-musl": {
      "version": "4.52.2",
      "resolved": "https://registry.npmjs.org/@rollup/rollup-linux-x64-musl/-/rollup-linux-x64-musl-4.52.2.tgz",
      "integrity": "sha512-LSeBHnGli1pPKVJ79ZVJgeZWWZXkEe/5o8kcn23M8eMKCUANejchJbF/JqzM4RRjOJfNRhKJk8FuqL1GKjF5oQ==",
      "cpu": [
        "x64"
      ],
      "dev": true,
      "license": "MIT",
      "optional": true,
      "os": [
        "linux"
      ]
    },
    "node_modules/@rollup/rollup-openharmony-arm64": {
      "version": "4.52.2",
      "resolved": "https://registry.npmjs.org/@rollup/rollup-openharmony-arm64/-/rollup-openharmony-arm64-4.52.2.tgz",
      "integrity": "sha512-uPj7MQ6/s+/GOpolavm6BPo+6CbhbKYyZHUDvZ/SmJM7pfDBgdGisFX3bY/CBDMg2ZO4utfhlApkSfZ92yXw7Q==",
      "cpu": [
        "arm64"
      ],
      "dev": true,
      "license": "MIT",
      "optional": true,
      "os": [
        "openharmony"
      ]
    },
    "node_modules/@rollup/rollup-win32-arm64-msvc": {
      "version": "4.52.2",
      "resolved": "https://registry.npmjs.org/@rollup/rollup-win32-arm64-msvc/-/rollup-win32-arm64-msvc-4.52.2.tgz",
      "integrity": "sha512-Z9MUCrSgIaUeeHAiNkm3cQyst2UhzjPraR3gYYfOjAuZI7tcFRTOD+4cHLPoS/3qinchth+V56vtqz1Tv+6KPA==",
      "cpu": [
        "arm64"
      ],
      "dev": true,
      "license": "MIT",
      "optional": true,
      "os": [
        "win32"
      ]
    },
    "node_modules/@rollup/rollup-win32-ia32-msvc": {
      "version": "4.52.2",
      "resolved": "https://registry.npmjs.org/@rollup/rollup-win32-ia32-msvc/-/rollup-win32-ia32-msvc-4.52.2.tgz",
      "integrity": "sha512-+GnYBmpjldD3XQd+HMejo+0gJGwYIOfFeoBQv32xF/RUIvccUz20/V6Otdv+57NE70D5pa8W/jVGDoGq0oON4A==",
      "cpu": [
        "ia32"
      ],
      "dev": true,
      "license": "MIT",
      "optional": true,
      "os": [
        "win32"
      ]
    },
    "node_modules/@rollup/rollup-win32-x64-gnu": {
      "version": "4.52.2",
      "resolved": "https://registry.npmjs.org/@rollup/rollup-win32-x64-gnu/-/rollup-win32-x64-gnu-4.52.2.tgz",
      "integrity": "sha512-ApXFKluSB6kDQkAqZOKXBjiaqdF1BlKi+/eqnYe9Ee7U2K3pUDKsIyr8EYm/QDHTJIM+4X+lI0gJc3TTRhd+dA==",
      "cpu": [
        "x64"
      ],
      "dev": true,
      "license": "MIT",
      "optional": true,
      "os": [
        "win32"
      ]
    },
    "node_modules/@rollup/rollup-win32-x64-msvc": {
      "version": "4.52.2",
      "resolved": "https://registry.npmjs.org/@rollup/rollup-win32-x64-msvc/-/rollup-win32-x64-msvc-4.52.2.tgz",
      "integrity": "sha512-ARz+Bs8kY6FtitYM96PqPEVvPXqEZmPZsSkXvyX19YzDqkCaIlhCieLLMI5hxO9SRZ2XtCtm8wxhy0iJ2jxNfw==",
      "cpu": [
        "x64"
      ],
      "dev": true,
      "license": "MIT",
      "optional": true,
      "os": [
        "win32"
      ]
    },
    "node_modules/@tsconfig/node10": {
      "version": "1.0.11",
      "resolved": "https://registry.npmjs.org/@tsconfig/node10/-/node10-1.0.11.tgz",
      "integrity": "sha512-DcRjDCujK/kCk/cUe8Xz8ZSpm8mS3mNNpta+jGCA6USEDfktlNvm1+IuZ9eTcDbNk41BHwpHHeW+N1lKCz4zOw==",
      "dev": true,
      "license": "MIT"
    },
    "node_modules/@tsconfig/node12": {
      "version": "1.0.11",
      "resolved": "https://registry.npmjs.org/@tsconfig/node12/-/node12-1.0.11.tgz",
      "integrity": "sha512-cqefuRsh12pWyGsIoBKJA9luFu3mRxCA+ORZvA4ktLSzIuCUtWVxGIuXigEwO5/ywWFMZ2QEGKWvkZG1zDMTag==",
      "dev": true,
      "license": "MIT"
    },
    "node_modules/@tsconfig/node14": {
      "version": "1.0.3",
      "resolved": "https://registry.npmjs.org/@tsconfig/node14/-/node14-1.0.3.tgz",
      "integrity": "sha512-ysT8mhdixWK6Hw3i1V2AeRqZ5WfXg1G43mqoYlM2nc6388Fq5jcXyr5mRsqViLx/GJYdoL0bfXD8nmF+Zn/Iow==",
      "dev": true,
      "license": "MIT"
    },
    "node_modules/@tsconfig/node16": {
      "version": "1.0.4",
      "resolved": "https://registry.npmjs.org/@tsconfig/node16/-/node16-1.0.4.tgz",
      "integrity": "sha512-vxhUy4J8lyeyinH7Azl1pdd43GJhZH/tP2weN8TntQblOY+A0XbT8DJk1/oCPuOOyg/Ja757rG0CgHcWC8OfMA==",
      "dev": true,
      "license": "MIT"
    },
    "node_modules/@types/css-font-loading-module": {
      "version": "0.0.12",
      "resolved": "https://registry.npmjs.org/@types/css-font-loading-module/-/css-font-loading-module-0.0.12.tgz",
      "integrity": "sha512-x2tZZYkSxXqWvTDgveSynfjq/T2HyiZHXb00j/+gy19yp70PHCizM48XFdjBCWH7eHBD0R5i/pw9yMBP/BH5uA==",
      "license": "MIT"
    },
    "node_modules/@types/earcut": {
      "version": "3.0.0",
      "resolved": "https://registry.npmjs.org/@types/earcut/-/earcut-3.0.0.tgz",
      "integrity": "sha512-k/9fOUGO39yd2sCjrbAJvGDEQvRwRnQIZlBz43roGwUZo5SHAmyVvSFyaVVZkicRVCaDXPKlbxrUcBuJoSWunQ==",
      "license": "MIT"
    },
    "node_modules/@types/estree": {
      "version": "1.0.8",
      "resolved": "https://registry.npmjs.org/@types/estree/-/estree-1.0.8.tgz",
      "integrity": "sha512-dWHzHa2WqEXI/O1E9OjrocMTKJl2mSrEolh1Iomrv6U+JuNwaHXsXx9bLu5gG7BUWFIN0skIQJQ/L1rIex4X6w==",
      "dev": true,
      "license": "MIT"
    },
    "node_modules/@types/node": {
      "version": "20.19.17",
      "resolved": "https://registry.npmjs.org/@types/node/-/node-20.19.17.tgz",
      "integrity": "sha512-gfehUI8N1z92kygssiuWvLiwcbOB3IRktR6hTDgJlXMYh5OvkPSRmgfoBUmfZt+vhwJtX7v1Yw4KvvAf7c5QKQ==",
      "dev": true,
      "license": "MIT",
      "dependencies": {
        "undici-types": "~6.21.0"
      }
    },
    "node_modules/@webgpu/types": {
      "version": "0.1.65",
      "resolved": "https://registry.npmjs.org/@webgpu/types/-/types-0.1.65.tgz",
      "integrity": "sha512-cYrHab4d6wuVvDW5tdsfI6/o6vcLMDe6w2Citd1oS51Xxu2ycLCnVo4fqwujfKWijrZMInTJIKcXxteoy21nVA==",
      "license": "BSD-3-Clause"
    },
    "node_modules/@xmldom/xmldom": {
      "version": "0.8.11",
      "resolved": "https://registry.npmjs.org/@xmldom/xmldom/-/xmldom-0.8.11.tgz",
      "integrity": "sha512-cQzWCtO6C8TQiYl1ruKNn2U6Ao4o4WBBcbL61yJl84x+j5sOWWFU9X7DpND8XZG3daDppSsigMdfAIl2upQBRw==",
      "license": "MIT",
      "engines": {
        "node": ">=10.0.0"
      }
    },
    "node_modules/acorn": {
      "version": "8.15.0",
      "resolved": "https://registry.npmjs.org/acorn/-/acorn-8.15.0.tgz",
      "integrity": "sha512-NZyJarBfL7nWwIq+FDL6Zp/yHEhePMNnnJ0y3qfieCrmNvYct8uvtiV41UvlSe6apAfk0fY1FbWx+NwfmpvtTg==",
      "dev": true,
      "license": "MIT",
      "bin": {
        "acorn": "bin/acorn"
      },
      "engines": {
        "node": ">=0.4.0"
      }
    },
    "node_modules/acorn-walk": {
      "version": "8.3.4",
      "resolved": "https://registry.npmjs.org/acorn-walk/-/acorn-walk-8.3.4.tgz",
      "integrity": "sha512-ueEepnujpqee2o5aIYnvHU6C0A42MNdsIDeqy5BydrkuC5R1ZuUFnm27EeFJGoEHJQgn3uleRvmTXaJgfXbt4g==",
      "dev": true,
      "license": "MIT",
      "dependencies": {
        "acorn": "^8.11.0"
      },
      "engines": {
        "node": ">=0.4.0"
      }
    },
    "node_modules/arg": {
      "version": "4.1.3",
      "resolved": "https://registry.npmjs.org/arg/-/arg-4.1.3.tgz",
      "integrity": "sha512-58S9QDqG0Xx27YwPSt9fJxivjYl432YCwfDMfZ+71RAqUrZef7LrKQZ3LHLOwCS4FLNBplP533Zx895SeOCHvA==",
      "dev": true,
      "license": "MIT"
    },
    "node_modules/create-require": {
      "version": "1.1.1",
      "resolved": "https://registry.npmjs.org/create-require/-/create-require-1.1.1.tgz",
      "integrity": "sha512-dcKFX3jn0MpIaXjisoRvexIJVEKzaq7z2rZKxf+MSr9TkdmHmsU4m2lcLojrj/FHl8mk5VxMmYA+ftRkP/3oKQ==",
      "dev": true,
      "license": "MIT"
    },
    "node_modules/diff": {
      "version": "4.0.2",
      "resolved": "https://registry.npmjs.org/diff/-/diff-4.0.2.tgz",
      "integrity": "sha512-58lmxKSA4BNyLz+HHMUzlOEpg09FV+ev6ZMe3vJihgdxzgcwZ8VoEEPmALCZG9LmqfVoNMMKpttIYTVG6uDY7A==",
      "dev": true,
      "license": "BSD-3-Clause",
      "engines": {
        "node": ">=0.3.1"
      }
    },
    "node_modules/earcut": {
      "version": "3.0.2",
      "resolved": "https://registry.npmjs.org/earcut/-/earcut-3.0.2.tgz",
      "integrity": "sha512-X7hshQbLyMJ/3RPhyObLARM2sNxxmRALLKx1+NVFFnQ9gKzmCrxm9+uLIAdBcvc8FNLpctqlQ2V6AE92Ol9UDQ==",
      "license": "ISC"
    },
    "node_modules/esbuild": {
      "version": "0.25.11",
      "resolved": "https://registry.npmjs.org/esbuild/-/esbuild-0.25.11.tgz",
      "integrity": "sha512-KohQwyzrKTQmhXDW1PjCv3Tyspn9n5GcY2RTDqeORIdIJY8yKIF7sTSopFmn/wpMPW4rdPXI0UE5LJLuq3bx0Q==",
      "dev": true,
      "hasInstallScript": true,
      "license": "MIT",
      "bin": {
        "esbuild": "bin/esbuild"
      },
      "engines": {
        "node": ">=18"
      },
      "optionalDependencies": {
        "@esbuild/aix-ppc64": "0.25.11",
        "@esbuild/android-arm": "0.25.11",
        "@esbuild/android-arm64": "0.25.11",
        "@esbuild/android-x64": "0.25.11",
        "@esbuild/darwin-arm64": "0.25.11",
        "@esbuild/darwin-x64": "0.25.11",
        "@esbuild/freebsd-arm64": "0.25.11",
        "@esbuild/freebsd-x64": "0.25.11",
        "@esbuild/linux-arm": "0.25.11",
        "@esbuild/linux-arm64": "0.25.11",
        "@esbuild/linux-ia32": "0.25.11",
        "@esbuild/linux-loong64": "0.25.11",
        "@esbuild/linux-mips64el": "0.25.11",
        "@esbuild/linux-ppc64": "0.25.11",
        "@esbuild/linux-riscv64": "0.25.11",
        "@esbuild/linux-s390x": "0.25.11",
        "@esbuild/linux-x64": "0.25.11",
        "@esbuild/netbsd-arm64": "0.25.11",
        "@esbuild/netbsd-x64": "0.25.11",
        "@esbuild/openbsd-arm64": "0.25.11",
        "@esbuild/openbsd-x64": "0.25.11",
        "@esbuild/openharmony-arm64": "0.25.11",
        "@esbuild/sunos-x64": "0.25.11",
        "@esbuild/win32-arm64": "0.25.11",
        "@esbuild/win32-ia32": "0.25.11",
        "@esbuild/win32-x64": "0.25.11"
      }
    },
    "node_modules/eventemitter3": {
      "version": "5.0.1",
      "resolved": "https://registry.npmjs.org/eventemitter3/-/eventemitter3-5.0.1.tgz",
      "integrity": "sha512-GWkBvjiSZK87ELrYOSESUYeVIc9mvLLf/nXalMOS5dYrgZq9o5OVkbZAVM06CVxYsCwH9BDZFPlQTlPA1j4ahA==",
      "license": "MIT"
    },
    "node_modules/fdir": {
      "version": "6.5.0",
      "resolved": "https://registry.npmjs.org/fdir/-/fdir-6.5.0.tgz",
      "integrity": "sha512-tIbYtZbucOs0BRGqPJkshJUYdL+SDH7dVM8gjy+ERp3WAUjLEFJE+02kanyHtwjWOnwrKYBiwAmM0p4kLJAnXg==",
      "dev": true,
      "license": "MIT",
      "engines": {
        "node": ">=12.0.0"
      },
      "peerDependencies": {
        "picomatch": "^3 || ^4"
      },
      "peerDependenciesMeta": {
        "picomatch": {
          "optional": true
        }
      }
    },
    "node_modules/fsevents": {
      "version": "2.3.3",
      "resolved": "https://registry.npmjs.org/fsevents/-/fsevents-2.3.3.tgz",
      "integrity": "sha512-5xoDfX+fL7faATnagmWPpbFtwh/R77WmMMqqHGS65C3vvB0YHrgF+B1YmZ3441tMj5n63k0212XNoJwzlhffQw==",
      "dev": true,
      "hasInstallScript": true,
      "license": "MIT",
      "optional": true,
      "os": [
        "darwin"
      ],
      "engines": {
        "node": "^8.16.0 || ^10.6.0 || >=11.0.0"
      }
    },
    "node_modules/gifuct-js": {
      "version": "2.1.2",
      "resolved": "https://registry.npmjs.org/gifuct-js/-/gifuct-js-2.1.2.tgz",
      "integrity": "sha512-rI2asw77u0mGgwhV3qA+OEgYqaDn5UNqgs+Bx0FGwSpuqfYn+Ir6RQY5ENNQ8SbIiG/m5gVa7CD5RriO4f4Lsg==",
      "license": "MIT",
      "dependencies": {
        "js-binary-schema-parser": "^2.0.3"
      }
    },
    "node_modules/ismobilejs": {
      "version": "1.1.1",
      "resolved": "https://registry.npmjs.org/ismobilejs/-/ismobilejs-1.1.1.tgz",
      "integrity": "sha512-VaFW53yt8QO61k2WJui0dHf4SlL8lxBofUuUmwBo0ljPk0Drz2TiuDW4jo3wDcv41qy/SxrJ+VAzJ/qYqsmzRw==",
      "license": "MIT"
    },
    "node_modules/js-binary-schema-parser": {
      "version": "2.0.3",
      "resolved": "https://registry.npmjs.org/js-binary-schema-parser/-/js-binary-schema-parser-2.0.3.tgz",
      "integrity": "sha512-xezGJmOb4lk/M1ZZLTR/jaBHQ4gG/lqQnJqdIv4721DMggsa1bDVlHXNeHYogaIEHD9vCRv0fcL4hMA+Coarkg==",
      "license": "MIT"
    },
    "node_modules/make-error": {
      "version": "1.3.6",
      "resolved": "https://registry.npmjs.org/make-error/-/make-error-1.3.6.tgz",
      "integrity": "sha512-s8UhlNe7vPKomQhC1qFelMokr/Sc3AgNbso3n74mVPA5LTZwkB9NlXf4XPamLxJE8h0gh73rM94xvwRT2CVInw==",
      "dev": true,
      "license": "ISC"
    },
    "node_modules/nanoid": {
      "version": "3.3.11",
      "resolved": "https://registry.npmjs.org/nanoid/-/nanoid-3.3.11.tgz",
      "integrity": "sha512-N8SpfPUnUp1bK+PMYW8qSWdl9U+wwNWI4QKxOYDy9JAro3WMX7p2OeVRF9v+347pnakNevPmiHhNmZ2HbFA76w==",
      "dev": true,
      "funding": [
        {
          "type": "github",
          "url": "https://github.com/sponsors/ai"
        }
      ],
      "license": "MIT",
      "bin": {
        "nanoid": "bin/nanoid.cjs"
      },
      "engines": {
        "node": "^10 || ^12 || ^13.7 || ^14 || >=15.0.1"
      }
    },
    "node_modules/parse-svg-path": {
      "version": "0.1.2",
      "resolved": "https://registry.npmjs.org/parse-svg-path/-/parse-svg-path-0.1.2.tgz",
      "integrity": "sha512-JyPSBnkTJ0AI8GGJLfMXvKq42cj5c006fnLz6fXy6zfoVjJizi8BNTpu8on8ziI1cKy9d9DGNuY17Ce7wuejpQ==",
      "license": "MIT"
    },
    "node_modules/picocolors": {
      "version": "1.1.1",
      "resolved": "https://registry.npmjs.org/picocolors/-/picocolors-1.1.1.tgz",
      "integrity": "sha512-xceH2snhtb5M9liqDsmEw56le376mTZkEX/jEb/RxNFyegNul7eNslCXP9FDj/Lcu0X8KEyMceP2ntpaHrDEVA==",
      "dev": true,
      "license": "ISC"
    },
    "node_modules/picomatch": {
      "version": "4.0.3",
      "resolved": "https://registry.npmjs.org/picomatch/-/picomatch-4.0.3.tgz",
      "integrity": "sha512-5gTmgEY/sqK6gFXLIsQNH19lWb4ebPDLA4SdLP7dsWkIXHWlG66oPuVvXSGFPppYZz8ZDZq0dYYrbHfBCVUb1Q==",
      "dev": true,
      "license": "MIT",
      "engines": {
        "node": ">=12"
      },
      "funding": {
        "url": "https://github.com/sponsors/jonschlinkert"
      }
    },
    "node_modules/pixi.js": {
      "version": "8.13.2",
      "resolved": "https://registry.npmjs.org/pixi.js/-/pixi.js-8.13.2.tgz",
      "integrity": "sha512-9KVGZ4a99TA5SwUEWs9m5gliX6XUCS1aGc/DOPsXxpqLMDRa+FhzpT5ao9z1UwLYJkSvt3rcQs+aZXECBHSSHg==",
      "license": "MIT",
      "dependencies": {
        "@pixi/colord": "^2.9.6",
        "@types/css-font-loading-module": "^0.0.12",
        "@types/earcut": "^3.0.0",
        "@webgpu/types": "^0.1.40",
        "@xmldom/xmldom": "^0.8.10",
        "earcut": "^3.0.2",
        "eventemitter3": "^5.0.1",
        "gifuct-js": "^2.1.2",
        "ismobilejs": "^1.1.1",
        "parse-svg-path": "^0.1.2",
        "tiny-lru": "^11.4.5"
      },
      "funding": {
        "type": "opencollective",
        "url": "https://opencollective.com/pixijs"
      }
    },
    "node_modules/postcss": {
      "version": "8.5.6",
      "resolved": "https://registry.npmjs.org/postcss/-/postcss-8.5.6.tgz",
      "integrity": "sha512-3Ybi1tAuwAP9s0r1UQ2J4n5Y0G05bJkpUIO0/bI9MhwmD70S5aTWbXGBwxHrelT+XM1k6dM0pk+SwNkpTRN7Pg==",
      "dev": true,
      "funding": [
        {
          "type": "opencollective",
          "url": "https://opencollective.com/postcss/"
        },
        {
          "type": "tidelift",
          "url": "https://tidelift.com/funding/github/npm/postcss"
        },
        {
          "type": "github",
          "url": "https://github.com/sponsors/ai"
        }
      ],
      "license": "MIT",
      "dependencies": {
        "nanoid": "^3.3.11",
        "picocolors": "^1.1.1",
        "source-map-js": "^1.2.1"
      },
      "engines": {
        "node": "^10 || ^12 || >=14"
      }
    },
    "node_modules/rollup": {
      "version": "4.52.2",
      "resolved": "https://registry.npmjs.org/rollup/-/rollup-4.52.2.tgz",
      "integrity": "sha512-I25/2QgoROE1vYV+NQ1En9T9UFB9Cmfm2CJ83zZOlaDpvz29wGQSZXWKw7MiNXau7wYgB/T9fVIdIuEQ+KbiiA==",
      "dev": true,
      "license": "MIT",
      "dependencies": {
        "@types/estree": "1.0.8"
      },
      "bin": {
        "rollup": "dist/bin/rollup"
      },
      "engines": {
        "node": ">=18.0.0",
        "npm": ">=8.0.0"
      },
      "optionalDependencies": {
        "@rollup/rollup-android-arm-eabi": "4.52.2",
        "@rollup/rollup-android-arm64": "4.52.2",
        "@rollup/rollup-darwin-arm64": "4.52.2",
        "@rollup/rollup-darwin-x64": "4.52.2",
        "@rollup/rollup-freebsd-arm64": "4.52.2",
        "@rollup/rollup-freebsd-x64": "4.52.2",
        "@rollup/rollup-linux-arm-gnueabihf": "4.52.2",
        "@rollup/rollup-linux-arm-musleabihf": "4.52.2",
        "@rollup/rollup-linux-arm64-gnu": "4.52.2",
        "@rollup/rollup-linux-arm64-musl": "4.52.2",
        "@rollup/rollup-linux-loong64-gnu": "4.52.2",
        "@rollup/rollup-linux-ppc64-gnu": "4.52.2",
        "@rollup/rollup-linux-riscv64-gnu": "4.52.2",
        "@rollup/rollup-linux-riscv64-musl": "4.52.2",
        "@rollup/rollup-linux-s390x-gnu": "4.52.2",
        "@rollup/rollup-linux-x64-gnu": "4.52.2",
        "@rollup/rollup-linux-x64-musl": "4.52.2",
        "@rollup/rollup-openharmony-arm64": "4.52.2",
        "@rollup/rollup-win32-arm64-msvc": "4.52.2",
        "@rollup/rollup-win32-ia32-msvc": "4.52.2",
        "@rollup/rollup-win32-x64-gnu": "4.52.2",
        "@rollup/rollup-win32-x64-msvc": "4.52.2",
        "fsevents": "~2.3.2"
      }
    },
    "node_modules/source-map-js": {
      "version": "1.2.1",
      "resolved": "https://registry.npmjs.org/source-map-js/-/source-map-js-1.2.1.tgz",
      "integrity": "sha512-UXWMKhLOwVKb728IUtQPXxfYU+usdybtUrK/8uGE8CQMvrhOpwvzDBwj0QhSL7MQc7vIsISBG8VQ8+IDQxpfQA==",
      "dev": true,
      "license": "BSD-3-Clause",
      "engines": {
        "node": ">=0.10.0"
      }
    },
    "node_modules/tiny-lru": {
      "version": "11.4.5",
      "resolved": "https://registry.npmjs.org/tiny-lru/-/tiny-lru-11.4.5.tgz",
      "integrity": "sha512-hkcz3FjNJfKXjV4mjQ1OrXSLAehg8Hw+cEZclOVT+5c/cWQWImQ9wolzTjth+dmmDe++p3bme3fTxz6Q4Etsqw==",
      "license": "BSD-3-Clause",
      "engines": {
        "node": ">=12"
      }
    },
    "node_modules/tinyglobby": {
      "version": "0.2.15",
      "resolved": "https://registry.npmjs.org/tinyglobby/-/tinyglobby-0.2.15.tgz",
      "integrity": "sha512-j2Zq4NyQYG5XMST4cbs02Ak8iJUdxRM0XI5QyxXuZOzKOINmWurp3smXu3y5wDcJrptwpSjgXHzIQxR0omXljQ==",
      "dev": true,
      "license": "MIT",
      "dependencies": {
        "fdir": "^6.5.0",
        "picomatch": "^4.0.3"
      },
      "engines": {
        "node": ">=12.0.0"
      },
      "funding": {
        "url": "https://github.com/sponsors/SuperchupuDev"
      }
    },
    "node_modules/ts-node": {
      "version": "10.9.2",
      "resolved": "https://registry.npmjs.org/ts-node/-/ts-node-10.9.2.tgz",
      "integrity": "sha512-f0FFpIdcHgn8zcPSbf1dRevwt047YMnaiJM3u2w2RewrB+fob/zePZcrOyQoLMMO7aBIddLcQIEK5dYjkLnGrQ==",
      "dev": true,
      "license": "MIT",
      "dependencies": {
        "@cspotcode/source-map-support": "^0.8.0",
        "@tsconfig/node10": "^1.0.7",
        "@tsconfig/node12": "^1.0.7",
        "@tsconfig/node14": "^1.0.0",
        "@tsconfig/node16": "^1.0.2",
        "acorn": "^8.4.1",
        "acorn-walk": "^8.1.1",
        "arg": "^4.1.0",
        "create-require": "^1.1.0",
        "diff": "^4.0.1",
        "make-error": "^1.1.1",
        "v8-compile-cache-lib": "^3.0.1",
        "yn": "3.1.1"
      },
      "bin": {
        "ts-node": "dist/bin.js",
        "ts-node-cwd": "dist/bin-cwd.js",
        "ts-node-esm": "dist/bin-esm.js",
        "ts-node-script": "dist/bin-script.js",
        "ts-node-transpile-only": "dist/bin-transpile.js",
        "ts-script": "dist/bin-script-deprecated.js"
      },
      "peerDependencies": {
        "@swc/core": ">=1.2.50",
        "@swc/wasm": ">=1.2.50",
        "@types/node": "*",
        "typescript": ">=2.7"
      },
      "peerDependenciesMeta": {
        "@swc/core": {
          "optional": true
        },
        "@swc/wasm": {
          "optional": true
        }
      }
    },
    "node_modules/typescript": {
      "version": "5.9.2",
      "resolved": "https://registry.npmjs.org/typescript/-/typescript-5.9.2.tgz",
      "integrity": "sha512-CWBzXQrc/qOkhidw1OzBTQuYRbfyxDXJMVJ1XNwUHGROVmuaeiEm3OslpZ1RV96d7SKKjZKrSJu3+t/xlw3R9A==",
      "dev": true,
      "license": "Apache-2.0",
      "bin": {
        "tsc": "bin/tsc",
        "tsserver": "bin/tsserver"
      },
      "engines": {
        "node": ">=14.17"
      }
    },
    "node_modules/undici-types": {
      "version": "6.21.0",
      "resolved": "https://registry.npmjs.org/undici-types/-/undici-types-6.21.0.tgz",
      "integrity": "sha512-iwDZqg0QAGrg9Rav5H4n0M64c3mkR59cJ6wQp+7C4nI0gsmExaedaYLNO44eT4AtBBwjbTiGPMlt2Md0T9H9JQ==",
      "dev": true,
      "license": "MIT"
    },
    "node_modules/v8-compile-cache-lib": {
      "version": "3.0.1",
      "resolved": "https://registry.npmjs.org/v8-compile-cache-lib/-/v8-compile-cache-lib-3.0.1.tgz",
      "integrity": "sha512-wa7YjyUGfNZngI/vtK0UHAN+lgDCxBPCylVXGp0zu59Fz5aiGtNXaq3DhIov063MorB+VfufLh3JlF2KdTK3xg==",
      "dev": true,
      "license": "MIT"
    },
    "node_modules/vite": {
      "version": "7.1.11",
      "resolved": "https://registry.npmjs.org/vite/-/vite-7.1.11.tgz",
      "integrity": "sha512-uzcxnSDVjAopEUjljkWh8EIrg6tlzrjFUfMcR1EVsRDGwf/ccef0qQPRyOrROwhrTDaApueq+ja+KLPlzR/zdg==",
      "dev": true,
      "license": "MIT",
      "dependencies": {
        "esbuild": "^0.25.0",
        "fdir": "^6.5.0",
        "picomatch": "^4.0.3",
        "postcss": "^8.5.6",
        "rollup": "^4.43.0",
        "tinyglobby": "^0.2.15"
      },
      "bin": {
        "vite": "bin/vite.js"
      },
      "engines": {
        "node": "^20.19.0 || >=22.12.0"
      },
      "funding": {
        "url": "https://github.com/vitejs/vite?sponsor=1"
      },
      "optionalDependencies": {
        "fsevents": "~2.3.3"
      },
      "peerDependencies": {
        "@types/node": "^20.19.0 || >=22.12.0",
        "jiti": ">=1.21.0",
        "less": "^4.0.0",
        "lightningcss": "^1.21.0",
        "sass": "^1.70.0",
        "sass-embedded": "^1.70.0",
        "stylus": ">=0.54.8",
        "sugarss": "^5.0.0",
        "terser": "^5.16.0",
        "tsx": "^4.8.1",
        "yaml": "^2.4.2"
      },
      "peerDependenciesMeta": {
        "@types/node": {
          "optional": true
        },
        "jiti": {
          "optional": true
        },
        "less": {
          "optional": true
        },
        "lightningcss": {
          "optional": true
        },
        "sass": {
          "optional": true
        },
        "sass-embedded": {
          "optional": true
        },
        "stylus": {
          "optional": true
        },
        "sugarss": {
          "optional": true
        },
        "terser": {
          "optional": true
        },
        "tsx": {
          "optional": true
        },
        "yaml": {
          "optional": true
        }
      }
    },
    "node_modules/yn": {
      "version": "3.1.1",
      "resolved": "https://registry.npmjs.org/yn/-/yn-3.1.1.tgz",
      "integrity": "sha512-Ux4ygGWsu2c7isFWe8Yu1YluJmqVhxqK2cLXNQA5AcC3QfbGNpM7fu0Y8b/z16pXLnFxZYvWhd3fhBY9DLmC6Q==",
      "dev": true,
      "license": "MIT",
      "engines": {
        "node": ">=6"
      }
    }
  }
}
